// !$*UTF8*$!
{
	archiveVersion = 1;
	classes = {
	};
	objectVersion = 46;
	objects = {

/* Begin PBXBuildFile section */
		77062C961D9D439100A0BC62 /* PosInCore.h in Headers */ = {isa = PBXBuildFile; fileRef = 77062C941D9D439100A0BC62 /* PosInCore.h */; settings = {ATTRIBUTES = (Public, ); }; };
		77062C9F1D9D43BA00A0BC62 /* CommonOperators.swift in Sources */ = {isa = PBXBuildFile; fileRef = 77062C9C1D9D43BA00A0BC62 /* CommonOperators.swift */; };
		77062CA01D9D43BA00A0BC62 /* DataTransforms.swift in Sources */ = {isa = PBXBuildFile; fileRef = 77062C9D1D9D43BA00A0BC62 /* DataTransforms.swift */; };
		77062CA11D9D43BA00A0BC62 /* FoundationWrappers.swift in Sources */ = {isa = PBXBuildFile; fileRef = 77062C9E1D9D43BA00A0BC62 /* FoundationWrappers.swift */; };
		77062CA71D9D43C200A0BC62 /* KVObserver.swift in Sources */ = {isa = PBXBuildFile; fileRef = 77062CA21D9D43C200A0BC62 /* KVObserver.swift */; };
		77062CA81D9D43C200A0BC62 /* LocationProvider.swift in Sources */ = {isa = PBXBuildFile; fileRef = 77062CA31D9D43C200A0BC62 /* LocationProvider.swift */; };
		77062CA91D9D43C200A0BC62 /* NetworkActivityIndicatorManager.swift in Sources */ = {isa = PBXBuildFile; fileRef = 77062CA41D9D43C200A0BC62 /* NetworkActivityIndicatorManager.swift */; };
		77062CAA1D9D43C200A0BC62 /* NetworkDataProvider.swift in Sources */ = {isa = PBXBuildFile; fileRef = 77062CA51D9D43C200A0BC62 /* NetworkDataProvider.swift */; };
		77062CAB1D9D43C200A0BC62 /* NibView.swift in Sources */ = {isa = PBXBuildFile; fileRef = 77062CA61D9D43C200A0BC62 /* NibView.swift */; };
		77062CB51D9D43CC00A0BC62 /* TableRefreshHeaderView.swift in Sources */ = {isa = PBXBuildFile; fileRef = 77062CAD1D9D43CC00A0BC62 /* TableRefreshHeaderView.swift */; };
		77062CB61D9D43CC00A0BC62 /* TableView.swift in Sources */ = {isa = PBXBuildFile; fileRef = 77062CAE1D9D43CC00A0BC62 /* TableView.swift */; };
		77062CB71D9D43CC00A0BC62 /* TableViewCell.swift in Sources */ = {isa = PBXBuildFile; fileRef = 77062CAF1D9D43CC00A0BC62 /* TableViewCell.swift */; };
		77062CB81D9D43CC00A0BC62 /* TableViewCellModel.swift in Sources */ = {isa = PBXBuildFile; fileRef = 77062CB01D9D43CC00A0BC62 /* TableViewCellModel.swift */; };
		77062CB91D9D43CC00A0BC62 /* TableViewDataSource.swift in Sources */ = {isa = PBXBuildFile; fileRef = 77062CB11D9D43CC00A0BC62 /* TableViewDataSource.swift */; };
		77062CBA1D9D43CC00A0BC62 /* TableViewDelegate.swift in Sources */ = {isa = PBXBuildFile; fileRef = 77062CB21D9D43CC00A0BC62 /* TableViewDelegate.swift */; };
		77062CBB1D9D43CC00A0BC62 /* TableViewSectionHeaderFooterLabelView.swift in Sources */ = {isa = PBXBuildFile; fileRef = 77062CB31D9D43CC00A0BC62 /* TableViewSectionHeaderFooterLabelView.swift */; };
		77062CBC1D9D43CC00A0BC62 /* TableViewSectionHeaderFooterView.swift in Sources */ = {isa = PBXBuildFile; fileRef = 77062CB41D9D43CC00A0BC62 /* TableViewSectionHeaderFooterView.swift */; };
		77062CC21D9D461C00A0BC62 /* Alamofire.framework in Frameworks */ = {isa = PBXBuildFile; fileRef = 77062CBE1D9D461C00A0BC62 /* Alamofire.framework */; };
		77062CC31D9D461C00A0BC62 /* BrightFutures.framework in Frameworks */ = {isa = PBXBuildFile; fileRef = 77062CBF1D9D461C00A0BC62 /* BrightFutures.framework */; };
		77062CC41D9D461C00A0BC62 /* ObjectMapper.framework in Frameworks */ = {isa = PBXBuildFile; fileRef = 77062CC01D9D461C00A0BC62 /* ObjectMapper.framework */; };
		77062CC51D9D461C00A0BC62 /* Result.framework in Frameworks */ = {isa = PBXBuildFile; fileRef = 77062CC11D9D461C00A0BC62 /* Result.framework */; };
/* End PBXBuildFile section */

/* Begin PBXFileReference section */
		77062C911D9D439100A0BC62 /* PosInCore.framework */ = {isa = PBXFileReference; explicitFileType = wrapper.framework; includeInIndex = 0; path = PosInCore.framework; sourceTree = BUILT_PRODUCTS_DIR; };
		77062C941D9D439100A0BC62 /* PosInCore.h */ = {isa = PBXFileReference; lastKnownFileType = sourcecode.c.h; path = PosInCore.h; sourceTree = "<group>"; };
		77062C951D9D439100A0BC62 /* Info.plist */ = {isa = PBXFileReference; lastKnownFileType = text.plist.xml; path = Info.plist; sourceTree = "<group>"; };
		77062C9C1D9D43BA00A0BC62 /* CommonOperators.swift */ = {isa = PBXFileReference; fileEncoding = 4; lastKnownFileType = sourcecode.swift; path = CommonOperators.swift; sourceTree = "<group>"; };
		77062C9D1D9D43BA00A0BC62 /* DataTransforms.swift */ = {isa = PBXFileReference; fileEncoding = 4; lastKnownFileType = sourcecode.swift; path = DataTransforms.swift; sourceTree = "<group>"; };
		77062C9E1D9D43BA00A0BC62 /* FoundationWrappers.swift */ = {isa = PBXFileReference; fileEncoding = 4; lastKnownFileType = sourcecode.swift; path = FoundationWrappers.swift; sourceTree = "<group>"; };
		77062CA21D9D43C200A0BC62 /* KVObserver.swift */ = {isa = PBXFileReference; fileEncoding = 4; lastKnownFileType = sourcecode.swift; path = KVObserver.swift; sourceTree = "<group>"; };
		77062CA31D9D43C200A0BC62 /* LocationProvider.swift */ = {isa = PBXFileReference; fileEncoding = 4; lastKnownFileType = sourcecode.swift; path = LocationProvider.swift; sourceTree = "<group>"; };
		77062CA41D9D43C200A0BC62 /* NetworkActivityIndicatorManager.swift */ = {isa = PBXFileReference; fileEncoding = 4; lastKnownFileType = sourcecode.swift; path = NetworkActivityIndicatorManager.swift; sourceTree = "<group>"; };
		77062CA51D9D43C200A0BC62 /* NetworkDataProvider.swift */ = {isa = PBXFileReference; fileEncoding = 4; lastKnownFileType = sourcecode.swift; path = NetworkDataProvider.swift; sourceTree = "<group>"; };
		77062CA61D9D43C200A0BC62 /* NibView.swift */ = {isa = PBXFileReference; fileEncoding = 4; lastKnownFileType = sourcecode.swift; path = NibView.swift; sourceTree = "<group>"; };
		77062CAD1D9D43CC00A0BC62 /* TableRefreshHeaderView.swift */ = {isa = PBXFileReference; fileEncoding = 4; lastKnownFileType = sourcecode.swift; path = TableRefreshHeaderView.swift; sourceTree = "<group>"; };
		77062CAE1D9D43CC00A0BC62 /* TableView.swift */ = {isa = PBXFileReference; fileEncoding = 4; lastKnownFileType = sourcecode.swift; path = TableView.swift; sourceTree = "<group>"; };
		77062CAF1D9D43CC00A0BC62 /* TableViewCell.swift */ = {isa = PBXFileReference; fileEncoding = 4; lastKnownFileType = sourcecode.swift; path = TableViewCell.swift; sourceTree = "<group>"; };
		77062CB01D9D43CC00A0BC62 /* TableViewCellModel.swift */ = {isa = PBXFileReference; fileEncoding = 4; lastKnownFileType = sourcecode.swift; path = TableViewCellModel.swift; sourceTree = "<group>"; };
		77062CB11D9D43CC00A0BC62 /* TableViewDataSource.swift */ = {isa = PBXFileReference; fileEncoding = 4; lastKnownFileType = sourcecode.swift; path = TableViewDataSource.swift; sourceTree = "<group>"; };
		77062CB21D9D43CC00A0BC62 /* TableViewDelegate.swift */ = {isa = PBXFileReference; fileEncoding = 4; lastKnownFileType = sourcecode.swift; path = TableViewDelegate.swift; sourceTree = "<group>"; };
		77062CB31D9D43CC00A0BC62 /* TableViewSectionHeaderFooterLabelView.swift */ = {isa = PBXFileReference; fileEncoding = 4; lastKnownFileType = sourcecode.swift; path = TableViewSectionHeaderFooterLabelView.swift; sourceTree = "<group>"; };
		77062CB41D9D43CC00A0BC62 /* TableViewSectionHeaderFooterView.swift */ = {isa = PBXFileReference; fileEncoding = 4; lastKnownFileType = sourcecode.swift; path = TableViewSectionHeaderFooterView.swift; sourceTree = "<group>"; };
		77062CBE1D9D461C00A0BC62 /* Alamofire.framework */ = {isa = PBXFileReference; lastKnownFileType = wrapper.framework; name = Alamofire.framework; path = Carthage/Build/iOS/Alamofire.framework; sourceTree = "<group>"; };
		77062CBF1D9D461C00A0BC62 /* BrightFutures.framework */ = {isa = PBXFileReference; lastKnownFileType = wrapper.framework; name = BrightFutures.framework; path = Carthage/Build/iOS/BrightFutures.framework; sourceTree = "<group>"; };
		77062CC01D9D461C00A0BC62 /* ObjectMapper.framework */ = {isa = PBXFileReference; lastKnownFileType = wrapper.framework; name = ObjectMapper.framework; path = Carthage/Build/iOS/ObjectMapper.framework; sourceTree = "<group>"; };
		77062CC11D9D461C00A0BC62 /* Result.framework */ = {isa = PBXFileReference; lastKnownFileType = wrapper.framework; name = Result.framework; path = Carthage/Build/iOS/Result.framework; sourceTree = "<group>"; };
		77A36F6E1DAE38530072BC21 /* PosInCore.podspec */ = {isa = PBXFileReference; explicitFileType = text.script.ruby; path = PosInCore.podspec; sourceTree = "<group>"; };
/* End PBXFileReference section */

/* Begin PBXFrameworksBuildPhase section */
		77062C8D1D9D439100A0BC62 /* Frameworks */ = {
			isa = PBXFrameworksBuildPhase;
			buildActionMask = 2147483647;
			files = (
				77062CC21D9D461C00A0BC62 /* Alamofire.framework in Frameworks */,
				77062CC31D9D461C00A0BC62 /* BrightFutures.framework in Frameworks */,
				77062CC41D9D461C00A0BC62 /* ObjectMapper.framework in Frameworks */,
				77062CC51D9D461C00A0BC62 /* Result.framework in Frameworks */,
			);
			runOnlyForDeploymentPostprocessing = 0;
		};
/* End PBXFrameworksBuildPhase section */

/* Begin PBXGroup section */
		77062C871D9D439100A0BC62 = {
			isa = PBXGroup;
			children = (
				77A36F6E1DAE38530072BC21 /* PosInCore.podspec */,
				77062C931D9D439100A0BC62 /* PosInCore */,
				77062C921D9D439100A0BC62 /* Products */,
				77062CBD1D9D461B00A0BC62 /* Frameworks */,
			);
			sourceTree = "<group>";
		};
		77062C921D9D439100A0BC62 /* Products */ = {
			isa = PBXGroup;
			children = (
				77062C911D9D439100A0BC62 /* PosInCore.framework */,
			);
			name = Products;
			sourceTree = "<group>";
		};
		77062C931D9D439100A0BC62 /* PosInCore */ = {
			isa = PBXGroup;
			children = (
				77062CAC1D9D43CC00A0BC62 /* TableView */,
				77062CA21D9D43C200A0BC62 /* KVObserver.swift */,
				77062CA31D9D43C200A0BC62 /* LocationProvider.swift */,
				77062CA41D9D43C200A0BC62 /* NetworkActivityIndicatorManager.swift */,
				77062CA51D9D43C200A0BC62 /* NetworkDataProvider.swift */,
				77062CA61D9D43C200A0BC62 /* NibView.swift */,
				77062C9C1D9D43BA00A0BC62 /* CommonOperators.swift */,
				77062C9D1D9D43BA00A0BC62 /* DataTransforms.swift */,
				77062C9E1D9D43BA00A0BC62 /* FoundationWrappers.swift */,
				77062C941D9D439100A0BC62 /* PosInCore.h */,
				77062C951D9D439100A0BC62 /* Info.plist */,
			);
			path = PosInCore;
			sourceTree = "<group>";
		};
		77062CAC1D9D43CC00A0BC62 /* TableView */ = {
			isa = PBXGroup;
			children = (
				77062CAD1D9D43CC00A0BC62 /* TableRefreshHeaderView.swift */,
				77062CAE1D9D43CC00A0BC62 /* TableView.swift */,
				77062CAF1D9D43CC00A0BC62 /* TableViewCell.swift */,
				77062CB01D9D43CC00A0BC62 /* TableViewCellModel.swift */,
				77062CB11D9D43CC00A0BC62 /* TableViewDataSource.swift */,
				77062CB21D9D43CC00A0BC62 /* TableViewDelegate.swift */,
				77062CB31D9D43CC00A0BC62 /* TableViewSectionHeaderFooterLabelView.swift */,
				77062CB41D9D43CC00A0BC62 /* TableViewSectionHeaderFooterView.swift */,
			);
			path = TableView;
			sourceTree = "<group>";
		};
		77062CBD1D9D461B00A0BC62 /* Frameworks */ = {
			isa = PBXGroup;
			children = (
				77062CBE1D9D461C00A0BC62 /* Alamofire.framework */,
				77062CBF1D9D461C00A0BC62 /* BrightFutures.framework */,
				77062CC01D9D461C00A0BC62 /* ObjectMapper.framework */,
				77062CC11D9D461C00A0BC62 /* Result.framework */,
			);
			name = Frameworks;
			sourceTree = "<group>";
		};
/* End PBXGroup section */

/* Begin PBXHeadersBuildPhase section */
		77062C8E1D9D439100A0BC62 /* Headers */ = {
			isa = PBXHeadersBuildPhase;
			buildActionMask = 2147483647;
			files = (
				77062C961D9D439100A0BC62 /* PosInCore.h in Headers */,
			);
			runOnlyForDeploymentPostprocessing = 0;
		};
/* End PBXHeadersBuildPhase section */

/* Begin PBXNativeTarget section */
		77062C901D9D439100A0BC62 /* PosInCore */ = {
			isa = PBXNativeTarget;
			buildConfigurationList = 77062C991D9D439100A0BC62 /* Build configuration list for PBXNativeTarget "PosInCore" */;
			buildPhases = (
				77062C8C1D9D439100A0BC62 /* Sources */,
				77062C8D1D9D439100A0BC62 /* Frameworks */,
				77062C8E1D9D439100A0BC62 /* Headers */,
				77062C8F1D9D439100A0BC62 /* Resources */,
			);
			buildRules = (
			);
			dependencies = (
			);
			name = PosInCore;
			productName = PosInCore;
			productReference = 77062C911D9D439100A0BC62 /* PosInCore.framework */;
			productType = "com.apple.product-type.framework";
		};
/* End PBXNativeTarget section */

/* Begin PBXProject section */
		77062C881D9D439100A0BC62 /* Project object */ = {
			isa = PBXProject;
			attributes = {
				LastUpgradeCheck = 0800;
				ORGANIZATIONNAME = "Alex Drozhak";
				TargetAttributes = {
					77062C901D9D439100A0BC62 = {
						CreatedOnToolsVersion = 8.0;
						LastSwiftMigration = 0800;
						ProvisioningStyle = Automatic;
					};
				};
			};
			buildConfigurationList = 77062C8B1D9D439100A0BC62 /* Build configuration list for PBXProject "PosInCore" */;
			compatibilityVersion = "Xcode 3.2";
			developmentRegion = English;
			hasScannedForEncodings = 0;
			knownRegions = (
				en,
			);
			mainGroup = 77062C871D9D439100A0BC62;
			productRefGroup = 77062C921D9D439100A0BC62 /* Products */;
			projectDirPath = "";
			projectRoot = "";
			targets = (
				77062C901D9D439100A0BC62 /* PosInCore */,
			);
		};
/* End PBXProject section */

/* Begin PBXResourcesBuildPhase section */
		77062C8F1D9D439100A0BC62 /* Resources */ = {
			isa = PBXResourcesBuildPhase;
			buildActionMask = 2147483647;
			files = (
			);
			runOnlyForDeploymentPostprocessing = 0;
		};
/* End PBXResourcesBuildPhase section */

/* Begin PBXSourcesBuildPhase section */
		77062C8C1D9D439100A0BC62 /* Sources */ = {
			isa = PBXSourcesBuildPhase;
			buildActionMask = 2147483647;
			files = (
				77062CBA1D9D43CC00A0BC62 /* TableViewDelegate.swift in Sources */,
				77062CA71D9D43C200A0BC62 /* KVObserver.swift in Sources */,
				77062CB61D9D43CC00A0BC62 /* TableView.swift in Sources */,
				77062CA01D9D43BA00A0BC62 /* DataTransforms.swift in Sources */,
				77062CB81D9D43CC00A0BC62 /* TableViewCellModel.swift in Sources */,
				77062CBB1D9D43CC00A0BC62 /* TableViewSectionHeaderFooterLabelView.swift in Sources */,
				77062CA11D9D43BA00A0BC62 /* FoundationWrappers.swift in Sources */,
				77062C9F1D9D43BA00A0BC62 /* CommonOperators.swift in Sources */,
				77062CAB1D9D43C200A0BC62 /* NibView.swift in Sources */,
				77062CB71D9D43CC00A0BC62 /* TableViewCell.swift in Sources */,
				77062CA81D9D43C200A0BC62 /* LocationProvider.swift in Sources */,
				77062CB51D9D43CC00A0BC62 /* TableRefreshHeaderView.swift in Sources */,
				77062CBC1D9D43CC00A0BC62 /* TableViewSectionHeaderFooterView.swift in Sources */,
				77062CB91D9D43CC00A0BC62 /* TableViewDataSource.swift in Sources */,
				77062CAA1D9D43C200A0BC62 /* NetworkDataProvider.swift in Sources */,
				77062CA91D9D43C200A0BC62 /* NetworkActivityIndicatorManager.swift in Sources */,
			);
			runOnlyForDeploymentPostprocessing = 0;
		};
/* End PBXSourcesBuildPhase section */

/* Begin XCBuildConfiguration section */
		77062C971D9D439100A0BC62 /* Debug */ = {
			isa = XCBuildConfiguration;
			buildSettings = {
				ALWAYS_SEARCH_USER_PATHS = NO;
				CLANG_ANALYZER_NONNULL = YES;
				CLANG_CXX_LANGUAGE_STANDARD = "gnu++0x";
				CLANG_CXX_LIBRARY = "libc++";
				CLANG_ENABLE_MODULES = YES;
				CLANG_ENABLE_OBJC_ARC = YES;
				CLANG_WARN_BOOL_CONVERSION = YES;
				CLANG_WARN_CONSTANT_CONVERSION = YES;
				CLANG_WARN_DIRECT_OBJC_ISA_USAGE = YES_ERROR;
				CLANG_WARN_DOCUMENTATION_COMMENTS = YES;
				CLANG_WARN_EMPTY_BODY = YES;
				CLANG_WARN_ENUM_CONVERSION = YES;
				CLANG_WARN_INFINITE_RECURSION = YES;
				CLANG_WARN_INT_CONVERSION = YES;
				CLANG_WARN_OBJC_ROOT_CLASS = YES_ERROR;
				CLANG_WARN_SUSPICIOUS_MOVES = YES;
				CLANG_WARN_UNREACHABLE_CODE = YES;
				CLANG_WARN__DUPLICATE_METHOD_MATCH = YES;
				"CODE_SIGN_IDENTITY[sdk=iphoneos*]" = "iPhone Developer";
				COPY_PHASE_STRIP = NO;
				CURRENT_PROJECT_VERSION = 1;
				DEBUG_INFORMATION_FORMAT = dwarf;
				ENABLE_STRICT_OBJC_MSGSEND = YES;
				ENABLE_TESTABILITY = YES;
				GCC_C_LANGUAGE_STANDARD = gnu99;
				GCC_DYNAMIC_NO_PIC = NO;
				GCC_NO_COMMON_BLOCKS = YES;
				GCC_OPTIMIZATION_LEVEL = 0;
				GCC_PREPROCESSOR_DEFINITIONS = (
					"DEBUG=1",
					"$(inherited)",
				);
				GCC_WARN_64_TO_32_BIT_CONVERSION = YES;
				GCC_WARN_ABOUT_RETURN_TYPE = YES_ERROR;
				GCC_WARN_UNDECLARED_SELECTOR = YES;
				GCC_WARN_UNINITIALIZED_AUTOS = YES_AGGRESSIVE;
				GCC_WARN_UNUSED_FUNCTION = YES;
				GCC_WARN_UNUSED_VARIABLE = YES;
				IPHONEOS_DEPLOYMENT_TARGET = 10.0;
				MTL_ENABLE_DEBUG_INFO = YES;
				ONLY_ACTIVE_ARCH = YES;
				SDKROOT = iphoneos;
				SWIFT_ACTIVE_COMPILATION_CONDITIONS = DEBUG;
				SWIFT_OPTIMIZATION_LEVEL = "-Onone";
				TARGETED_DEVICE_FAMILY = "1,2";
				VERSIONING_SYSTEM = "apple-generic";
				VERSION_INFO_PREFIX = "";
			};
			name = Debug;
		};
		77062C981D9D439100A0BC62 /* Release */ = {
			isa = XCBuildConfiguration;
			buildSettings = {
				ALWAYS_SEARCH_USER_PATHS = NO;
				CLANG_ANALYZER_NONNULL = YES;
				CLANG_CXX_LANGUAGE_STANDARD = "gnu++0x";
				CLANG_CXX_LIBRARY = "libc++";
				CLANG_ENABLE_MODULES = YES;
				CLANG_ENABLE_OBJC_ARC = YES;
				CLANG_WARN_BOOL_CONVERSION = YES;
				CLANG_WARN_CONSTANT_CONVERSION = YES;
				CLANG_WARN_DIRECT_OBJC_ISA_USAGE = YES_ERROR;
				CLANG_WARN_DOCUMENTATION_COMMENTS = YES;
				CLANG_WARN_EMPTY_BODY = YES;
				CLANG_WARN_ENUM_CONVERSION = YES;
				CLANG_WARN_INFINITE_RECURSION = YES;
				CLANG_WARN_INT_CONVERSION = YES;
				CLANG_WARN_OBJC_ROOT_CLASS = YES_ERROR;
				CLANG_WARN_SUSPICIOUS_MOVES = YES;
				CLANG_WARN_UNREACHABLE_CODE = YES;
				CLANG_WARN__DUPLICATE_METHOD_MATCH = YES;
				"CODE_SIGN_IDENTITY[sdk=iphoneos*]" = "iPhone Developer";
				COPY_PHASE_STRIP = NO;
				CURRENT_PROJECT_VERSION = 1;
				DEBUG_INFORMATION_FORMAT = "dwarf-with-dsym";
				ENABLE_NS_ASSERTIONS = NO;
				ENABLE_STRICT_OBJC_MSGSEND = YES;
				GCC_C_LANGUAGE_STANDARD = gnu99;
				GCC_NO_COMMON_BLOCKS = YES;
				GCC_WARN_64_TO_32_BIT_CONVERSION = YES;
				GCC_WARN_ABOUT_RETURN_TYPE = YES_ERROR;
				GCC_WARN_UNDECLARED_SELECTOR = YES;
				GCC_WARN_UNINITIALIZED_AUTOS = YES_AGGRESSIVE;
				GCC_WARN_UNUSED_FUNCTION = YES;
				GCC_WARN_UNUSED_VARIABLE = YES;
				IPHONEOS_DEPLOYMENT_TARGET = 10.0;
				MTL_ENABLE_DEBUG_INFO = NO;
				SDKROOT = iphoneos;
				SWIFT_OPTIMIZATION_LEVEL = "-Owholemodule";
				TARGETED_DEVICE_FAMILY = "1,2";
				VALIDATE_PRODUCT = YES;
				VERSIONING_SYSTEM = "apple-generic";
				VERSION_INFO_PREFIX = "";
			};
			name = Release;
		};
		77062C9A1D9D439100A0BC62 /* Debug */ = {
			isa = XCBuildConfiguration;
			buildSettings = {
				CLANG_ENABLE_MODULES = YES;
				CODE_SIGN_IDENTITY = "";
				DEFINES_MODULE = YES;
				DYLIB_COMPATIBILITY_VERSION = 1;
				DYLIB_CURRENT_VERSION = 1;
				DYLIB_INSTALL_NAME_BASE = "@rpath";
				FRAMEWORK_SEARCH_PATHS = (
					"$(inherited)",
					"$(PROJECT_DIR)/Carthage/Build/iOS",
				);
				INFOPLIST_FILE = PosInCore/Info.plist;
				INSTALL_PATH = "$(LOCAL_LIBRARY_DIR)/Frameworks";
				IPHONEOS_DEPLOYMENT_TARGET = 9.0;
				LD_RUNPATH_SEARCH_PATHS = "$(inherited) @executable_path/Frameworks @loader_path/Frameworks";
				PRODUCT_BUNDLE_IDENTIFIER = com.connectik.PosInCore;
				PRODUCT_NAME = "$(TARGET_NAME)";
				SKIP_INSTALL = YES;
				SWIFT_OPTIMIZATION_LEVEL = "-Onone";
				SWIFT_VERSION = 3.0;
			};
			name = Debug;
		};
		77062C9B1D9D439100A0BC62 /* Release */ = {
			isa = XCBuildConfiguration;
			buildSettings = {
				CLANG_ENABLE_MODULES = YES;
				CODE_SIGN_IDENTITY = "";
				DEFINES_MODULE = YES;
				DYLIB_COMPATIBILITY_VERSION = 1;
				DYLIB_CURRENT_VERSION = 1;
				DYLIB_INSTALL_NAME_BASE = "@rpath";
				FRAMEWORK_SEARCH_PATHS = (
					"$(inherited)",
					"$(PROJECT_DIR)/Carthage/Build/iOS",
				);
				INFOPLIST_FILE = PosInCore/Info.plist;
				INSTALL_PATH = "$(LOCAL_LIBRARY_DIR)/Frameworks";
				IPHONEOS_DEPLOYMENT_TARGET = 9.0;
				LD_RUNPATH_SEARCH_PATHS = "$(inherited) @executable_path/Frameworks @loader_path/Frameworks";
				PRODUCT_BUNDLE_IDENTIFIER = com.connectik.PosInCore;
				PRODUCT_NAME = "$(TARGET_NAME)";
				SKIP_INSTALL = YES;
				SWIFT_VERSION = 3.0;
			};
			name = Release;
		};
/* End XCBuildConfiguration section */

/* Begin XCConfigurationList section */
		77062C8B1D9D439100A0BC62 /* Build configuration list for PBXProject "PosInCore" */ = {
			isa = XCConfigurationList;
			buildConfigurations = (
				77062C971D9D439100A0BC62 /* Debug */,
				77062C981D9D439100A0BC62 /* Release */,
			);
			defaultConfigurationIsVisible = 0;
			defaultConfigurationName = Release;
		};
		77062C991D9D439100A0BC62 /* Build configuration list for PBXNativeTarget "PosInCore" */ = {
			isa = XCConfigurationList;
			buildConfigurations = (
				77062C9A1D9D439100A0BC62 /* Debug */,
				77062C9B1D9D439100A0BC62 /* Release */,
			);
			defaultConfigurationIsVisible = 0;
			defaultConfigurationName = Release;
		};
/* End XCConfigurationList section */
	};
	rootObject = 77062C881D9D439100A0BC62 /* Project object */;
}
